
Microsoft Visual Studio Solution File, Format Version 12.00
Project("{2150E333-8FDC-42A3-9474-1A3956D46DE8}") = "Facade", "Facade", "{FF0D55EE-1020-4407-ACB7-03B27F96A5C5}"
EndProject
Project("{FAE04EC0-301F-11D3-BF4B-00C04F79EFBC}") = "FClub.Api", "src\FClub.Api\FClub.Api.csproj", "{07899078-62EE-4F64-AB32-07A4B7249BC5}"
EndProject
Project("{2150E333-8FDC-42A3-9474-1A3956D46DE8}") = "Libraries", "Libraries", "{82ECFFE5-A8A0-4BC4-A6F0-A5BC8B1BF953}"
EndProject
Project("{2150E333-8FDC-42A3-9474-1A3956D46DE8}") = "Tests", "Tests", "{D6877F67-0966-4B69-B101-0A0CE2DE3685}"
EndProject
Project("{FAE04EC0-301F-11D3-BF4B-00C04F79EFBC}") = "FClub.Core", "src\FClub.Core\FClub.Core.csproj", "{67A09F71-41F1-4A16-96DB-88DCAE613D38}"
EndProject
Project("{FAE04EC0-301F-11D3-BF4B-00C04F79EFBC}") = "FClub.Messages", "src\FClub.Messages\FClub.Messages.csproj", "{476E730D-DB3E-4A89-B482-AB2C54B903BC}"
EndProject
Project("{FAE04EC0-301F-11D3-BF4B-00C04F79EFBC}") = "FClub.IntegrationTests", "src\FClub.IntegrationTests\FClub.IntegrationTests.csproj", "{F3ED8E08-0EE6-49F4-8900-A16B4105357A}"
EndProject
Project("{FAE04EC0-301F-11D3-BF4B-00C04F79EFBC}") = "FClub.UnitTests", "FClub.UnitTests\FClub.UnitTests.csproj", "{0422B5EF-9B0C-436F-AB23-AF68D4D32DA8}"
EndProject
Global
	GlobalSection(SolutionConfigurationPlatforms) = preSolution
		Debug|Any CPU = Debug|Any CPU
		Release|Any CPU = Release|Any CPU
	EndGlobalSection
	GlobalSection(NestedProjects) = preSolution
		{07899078-62EE-4F64-AB32-07A4B7249BC5} = {FF0D55EE-1020-4407-ACB7-03B27F96A5C5}
		{67A09F71-41F1-4A16-96DB-88DCAE613D38} = {82ECFFE5-A8A0-4BC4-A6F0-A5BC8B1BF953}
		{476E730D-DB3E-4A89-B482-AB2C54B903BC} = {82ECFFE5-A8A0-4BC4-A6F0-A5BC8B1BF953}
		{F3ED8E08-0EE6-49F4-8900-A16B4105357A} = {D6877F67-0966-4B69-B101-0A0CE2DE3685}
		{0422B5EF-9B0C-436F-AB23-AF68D4D32DA8} = {D6877F67-0966-4B69-B101-0A0CE2DE3685}
	EndGlobalSection
	GlobalSection(ProjectConfigurationPlatforms) = postSolution
		{07899078-62EE-4F64-AB32-07A4B7249BC5}.Debug|Any CPU.ActiveCfg = Debug|Any CPU
		{07899078-62EE-4F64-AB32-07A4B7249BC5}.Debug|Any CPU.Build.0 = Debug|Any CPU
		{07899078-62EE-4F64-AB32-07A4B7249BC5}.Release|Any CPU.ActiveCfg = Release|Any CPU
		{07899078-62EE-4F64-AB32-07A4B7249BC5}.Release|Any CPU.Build.0 = Release|Any CPU
		{67A09F71-41F1-4A16-96DB-88DCAE613D38}.Debug|Any CPU.ActiveCfg = Debug|Any CPU
		{67A09F71-41F1-4A16-96DB-88DCAE613D38}.Debug|Any CPU.Build.0 = Debug|Any CPU
		{67A09F71-41F1-4A16-96DB-88DCAE613D38}.Release|Any CPU.ActiveCfg = Release|Any CPU
		{67A09F71-41F1-4A16-96DB-88DCAE613D38}.Release|Any CPU.Build.0 = Release|Any CPU
		{476E730D-DB3E-4A89-B482-AB2C54B903BC}.Debug|Any CPU.ActiveCfg = Debug|Any CPU
		{476E730D-DB3E-4A89-B482-AB2C54B903BC}.Debug|Any CPU.Build.0 = Debug|Any CPU
		{476E730D-DB3E-4A89-B482-AB2C54B903BC}.Release|Any CPU.ActiveCfg = Release|Any CPU
		{476E730D-DB3E-4A89-B482-AB2C54B903BC}.Release|Any CPU.Build.0 = Release|Any CPU
		{F3ED8E08-0EE6-49F4-8900-A16B4105357A}.Debug|Any CPU.ActiveCfg = Debug|Any CPU
		{F3ED8E08-0EE6-49F4-8900-A16B4105357A}.Debug|Any CPU.Build.0 = Debug|Any CPU
		{F3ED8E08-0EE6-49F4-8900-A16B4105357A}.Release|Any CPU.ActiveCfg = Release|Any CPU
		{F3ED8E08-0EE6-49F4-8900-A16B4105357A}.Release|Any CPU.Build.0 = Release|Any CPU
		{0422B5EF-9B0C-436F-AB23-AF68D4D32DA8}.Debug|Any CPU.ActiveCfg = Debug|Any CPU
		{0422B5EF-9B0C-436F-AB23-AF68D4D32DA8}.Debug|Any CPU.Build.0 = Debug|Any CPU
		{0422B5EF-9B0C-436F-AB23-AF68D4D32DA8}.Release|Any CPU.ActiveCfg = Release|Any CPU
		{0422B5EF-9B0C-436F-AB23-AF68D4D32DA8}.Release|Any CPU.Build.0 = Release|Any CPU
	EndGlobalSection
EndGlobal
